
Microsoft Visual Studio Solution File, Format Version 12.00
# Visual Studio Version 17
VisualStudioVersion = 17.9.34607.119
MinimumVisualStudioVersion = 10.0.40219.1
Project("{FAE04EC0-301F-11D3-BF4B-00C04F79EFBC}") = "clase1303", "clase1303.csproj", "{DD6084CC-6D67-4129-BBDB-2A26159FBBF1}"
EndProject
Global
	GlobalSection(SolutionConfigurationPlatforms) = preSolution
		Debug|Any CPU = Debug|Any CPU
		Release|Any CPU = Release|Any CPU
	EndGlobalSection
	GlobalSection(ProjectConfigurationPlatforms) = postSolution
		{DD6084CC-6D67-4129-BBDB-2A26159FBBF1}.Debug|Any CPU.ActiveCfg = Debug|Any CPU
		{DD6084CC-6D67-4129-BBDB-2A26159FBBF1}.Debug|Any CPU.Build.0 = Debug|Any CPU
		{DD6084CC-6D67-4129-BBDB-2A26159FBBF1}.Release|Any CPU.ActiveCfg = Release|Any CPU
		{DD6084CC-6D67-4129-BBDB-2A26159FBBF1}.Release|Any CPU.Build.0 = Release|Any CPU
	EndGlobalSection
	GlobalSection(SolutionProperties) = preSolution
		HideSolutionNode = FALSE
	EndGlobalSection
	GlobalSection(ExtensibilityGlobals) = postSolution
		SolutionGuid = {81B11CEB-A1A9-4382-9998-05BD0E65E59A}
	EndGlobalSection
EndGlobal
