
Microsoft Visual Studio Solution File, Format Version 12.00
# Visual Studio Version 17
VisualStudioVersion = 17.9.34607.119
MinimumVisualStudioVersion = 10.0.40219.1
Project("{FAE04EC0-301F-11D3-BF4B-00C04F79EFBC}") = "Parcial_1", "Parcial_1.csproj", "{090712AF-E4A6-44F3-9D9B-5884C22A2A0B}"
EndProject
Global
	GlobalSection(SolutionConfigurationPlatforms) = preSolution
		Debug|Any CPU = Debug|Any CPU
		Release|Any CPU = Release|Any CPU
	EndGlobalSection
	GlobalSection(ProjectConfigurationPlatforms) = postSolution
		{090712AF-E4A6-44F3-9D9B-5884C22A2A0B}.Debug|Any CPU.ActiveCfg = Debug|Any CPU
		{090712AF-E4A6-44F3-9D9B-5884C22A2A0B}.Debug|Any CPU.Build.0 = Debug|Any CPU
		{090712AF-E4A6-44F3-9D9B-5884C22A2A0B}.Release|Any CPU.ActiveCfg = Release|Any CPU
		{090712AF-E4A6-44F3-9D9B-5884C22A2A0B}.Release|Any CPU.Build.0 = Release|Any CPU
	EndGlobalSection
	GlobalSection(SolutionProperties) = preSolution
		HideSolutionNode = FALSE
	EndGlobalSection
	GlobalSection(ExtensibilityGlobals) = postSolution
		SolutionGuid = {E987BF4E-0BAE-4F9A-88E2-7D515AD3BF64}
	EndGlobalSection
EndGlobal
