
Microsoft Visual Studio Solution File, Format Version 12.00
# Visual Studio Version 17
VisualStudioVersion = 17.9.34607.119
MinimumVisualStudioVersion = 10.0.40219.1
Project("{FAE04EC0-301F-11D3-BF4B-00C04F79EFBC}") = "ejercicio1", "ejercicio1.csproj", "{E3F2E189-2CED-498A-891E-FC6F565AB803}"
EndProject
Global
	GlobalSection(SolutionConfigurationPlatforms) = preSolution
		Debug|Any CPU = Debug|Any CPU
		Release|Any CPU = Release|Any CPU
	EndGlobalSection
	GlobalSection(ProjectConfigurationPlatforms) = postSolution
		{E3F2E189-2CED-498A-891E-FC6F565AB803}.Debug|Any CPU.ActiveCfg = Debug|Any CPU
		{E3F2E189-2CED-498A-891E-FC6F565AB803}.Debug|Any CPU.Build.0 = Debug|Any CPU
		{E3F2E189-2CED-498A-891E-FC6F565AB803}.Release|Any CPU.ActiveCfg = Release|Any CPU
		{E3F2E189-2CED-498A-891E-FC6F565AB803}.Release|Any CPU.Build.0 = Release|Any CPU
	EndGlobalSection
	GlobalSection(SolutionProperties) = preSolution
		HideSolutionNode = FALSE
	EndGlobalSection
	GlobalSection(ExtensibilityGlobals) = postSolution
		SolutionGuid = {2E204700-E1BA-4A11-BE9E-6491D4D095C1}
	EndGlobalSection
EndGlobal
