
Microsoft Visual Studio Solution File, Format Version 12.00
# Visual Studio Version 17
VisualStudioVersion = 17.9.34607.119
MinimumVisualStudioVersion = 10.0.40219.1
Project("{FAE04EC0-301F-11D3-BF4B-00C04F79EFBC}") = "ejercicio_promedio", "ejercicio_promedio.csproj", "{74DABB76-79F3-4857-8440-1D2B9047558E}"
EndProject
Global
	GlobalSection(SolutionConfigurationPlatforms) = preSolution
		Debug|Any CPU = Debug|Any CPU
		Release|Any CPU = Release|Any CPU
	EndGlobalSection
	GlobalSection(ProjectConfigurationPlatforms) = postSolution
		{74DABB76-79F3-4857-8440-1D2B9047558E}.Debug|Any CPU.ActiveCfg = Debug|Any CPU
		{74DABB76-79F3-4857-8440-1D2B9047558E}.Debug|Any CPU.Build.0 = Debug|Any CPU
		{74DABB76-79F3-4857-8440-1D2B9047558E}.Release|Any CPU.ActiveCfg = Release|Any CPU
		{74DABB76-79F3-4857-8440-1D2B9047558E}.Release|Any CPU.Build.0 = Release|Any CPU
	EndGlobalSection
	GlobalSection(SolutionProperties) = preSolution
		HideSolutionNode = FALSE
	EndGlobalSection
	GlobalSection(ExtensibilityGlobals) = postSolution
		SolutionGuid = {A93CEBF8-D839-4F3F-AD0B-149AD154B883}
	EndGlobalSection
EndGlobal
